
Microsoft Visual Studio Solution File, Format Version 12.00
# Visual Studio Version 16
VisualStudioVersion = 16.0.30128.74
MinimumVisualStudioVersion = 10.0.40219.1
Project("{FAE04EC0-301F-11D3-BF4B-00C04F79EFBC}") = "DependencyInjectionExample", "DependencyInjectionExample\DependencyInjectionExample.csproj", "{685B14C5-062B-48FB-8B96-2C7625135FB3}"
EndProject
Global
	GlobalSection(SolutionConfigurationPlatforms) = preSolution
		Debug|Any CPU = Debug|Any CPU
		Release|Any CPU = Release|Any CPU
	EndGlobalSection
	GlobalSection(ProjectConfigurationPlatforms) = postSolution
		{685B14C5-062B-48FB-8B96-2C7625135FB3}.Debug|Any CPU.ActiveCfg = Debug|Any CPU
		{685B14C5-062B-48FB-8B96-2C7625135FB3}.Debug|Any CPU.Build.0 = Debug|Any CPU
		{685B14C5-062B-48FB-8B96-2C7625135FB3}.Release|Any CPU.ActiveCfg = Release|Any CPU
		{685B14C5-062B-48FB-8B96-2C7625135FB3}.Release|Any CPU.Build.0 = Release|Any CPU
	EndGlobalSection
	GlobalSection(SolutionProperties) = preSolution
		HideSolutionNode = FALSE
	EndGlobalSection
	GlobalSection(ExtensibilityGlobals) = postSolution
		SolutionGuid = {397BB679-11E0-43AD-A51B-53B39B455516}
	EndGlobalSection
EndGlobal
